
Microsoft Visual Studio Solution File, Format Version 12.00
# Visual Studio Version 17
VisualStudioVersion = 17.8.34511.84
MinimumVisualStudioVersion = 10.0.40219.1
Project("{FAE04EC0-301F-11D3-BF4B-00C04F79EFBC}") = "Programa_De_Evento (Antônio)", "Programa_De_Evento (Antônio).csproj", "{5759FCEB-9E57-49A1-9526-73BD42622EA1}"
EndProject
Global
	GlobalSection(SolutionConfigurationPlatforms) = preSolution
		Debug|Any CPU = Debug|Any CPU
		Release|Any CPU = Release|Any CPU
	EndGlobalSection
	GlobalSection(ProjectConfigurationPlatforms) = postSolution
		{5759FCEB-9E57-49A1-9526-73BD42622EA1}.Debug|Any CPU.ActiveCfg = Debug|Any CPU
		{5759FCEB-9E57-49A1-9526-73BD42622EA1}.Debug|Any CPU.Build.0 = Debug|Any CPU
		{5759FCEB-9E57-49A1-9526-73BD42622EA1}.Release|Any CPU.ActiveCfg = Release|Any CPU
		{5759FCEB-9E57-49A1-9526-73BD42622EA1}.Release|Any CPU.Build.0 = Release|Any CPU
	EndGlobalSection
	GlobalSection(SolutionProperties) = preSolution
		HideSolutionNode = FALSE
	EndGlobalSection
	GlobalSection(ExtensibilityGlobals) = postSolution
		SolutionGuid = {F8DEEAB8-6658-4BF8-9540-E1E309D0FD6E}
	EndGlobalSection
EndGlobal
